{
    "version": 3,
    "terraform_version": "0.11.11",
    "serial": 3,
    "lineage": "5df8b888-b486-2486-baf5-e9f53c831b96",
    "modules": [
        {
            "path": [
                "root"
            ],
            "outputs": {},
            "resources": {
                "google_container_cluster.gke-cluster": {
                    "type": "google_container_cluster",
                    "depends_on": [],
                    "primary": {
                        "id": "my-first-gke-cluster",
                        "attributes": {
                            "additional_zones.#": "0",
                            "addons_config.#": "1",
                            "addons_config.0.horizontal_pod_autoscaling.#": "0",
                            "addons_config.0.http_load_balancing.#": "0",
                            "addons_config.0.kubernetes_dashboard.#": "1",
                            "addons_config.0.kubernetes_dashboard.0.disabled": "true",
                            "addons_config.0.network_policy_config.#": "1",
                            "addons_config.0.network_policy_config.0.disabled": "true",
                            "cluster_autoscaling.#": "0",
                            "cluster_ipv4_cidr": "10.0.0.0/14",
                            "description": "",
                            "enable_kubernetes_alpha": "false",
                            "enable_legacy_abac": "false",
                            "endpoint": "35.233.180.113",
                            "id": "my-first-gke-cluster",
                            "initial_node_count": "3",
                            "instance_group_urls.#": "1",
                            "instance_group_urls.0": "https://www.googleapis.com/compute/v1/projects/cka-klaudioz/zones/us-west1-b/instanceGroups/gke-my-first-gke-cluster-default-pool-454bed1f-grp",
                            "ip_allocation_policy.#": "0",
                            "logging_service": "logging.googleapis.com",
                            "maintenance_policy.#": "0",
                            "master_auth.#": "1",
                            "master_auth.0.client_certificate": "LS0tLS1CRUdJTiBDRVJUSUZJQ0FURS0tLS0tCk1JSUMyakNDQWNLZ0F3SUJBZ0lRWGU5cjk1ckhsVms0a1dBTHdoV25tREFOQmdrcWhraUc5dzBCQVFzRkFEQXYKTVMwd0t3WURWUVFERXlSaE0yTmxOVEV5TlMweFl6Tm1MVFEyWVdVdFlUbG1NaTAwTkdJek9HUTVZekJrTnpFdwpIaGNOTVRrd016QTRNakl4TVRRMFdoY05NalF3TXpBMk1qSXhNVFEwV2pBUk1ROHdEUVlEVlFRREV3WmpiR2xsCmJuUXdnZ0VpTUEwR0NTcUdTSWIzRFFFQkFRVUFBNElCRHdBd2dnRUtBb0lCQVFDUnhDL0ovVUhpMmd6RTVkQUEKZUxjRFUzZU9VTXErTHhxTVErU2JCZnlLNEpZbkhwQWNjSlFzcHJjNzFxd1Q1UmlDY3RSZno5d090TFpIZThyOAo2UEFLNEVSZ3Z2dlRjdkpCZXFSYm56WGlGYktKL2RIUHkzM2FVb3JDRjlsOG9RRjlvTkwrK0w0RS9wZVFkZG1hCjFvTjlaR1JYZFVmQXY5dTE0Uk9hVHNHektENElrRGdDTmtWYkduRHBRRlVLU0tMeURuSm10MzZCT25tMnZXR1YKMGlydlNaTldvandSb1BBTGEvYmhPZm5zU09IeFZZOVZpbEhuK1N6UUlmcHVHMmJtNGJMcUJGQXlsVDlNSzdtagoyR2Y5YW5RSG1aNWhORDJ0UjZsdWtndGRUak5rN0NsSEs5bkd6L1pocjg4aVJtS09BTC9saEZ3WDl3MUtHYWVLCmFsN0xBZ01CQUFHakVEQU9NQXdHQTFVZEV3RUIvd1FDTUFBd0RRWUpLb1pJaHZjTkFRRUxCUUFEZ2dFQkFENFIKdktQcWsrVXVJMndwaDA2Qk12UUR2b0ZrQXQrbGxLcDdVc0FObCs1cTUyUDBjQ0IxMFNOSEJLVFl1Y3pZazZmSgp0bHlEaEFoL3I0Y2VyenFJYWFoRzlEcjZ0VnM4WWZ0bmVHT05QaW9JNml4WjBQczBZQ1c5N1BrWlV2UDI5OVhICm02TlJMNUNZcTd1YVFaV09BYmZRKy9sakY1bkZDS09PQ1BlcVdkNmVreGhHanVRUjh4N2xNOGZrc0x2NXN2NlgKeDA3YkhBbFF1SXVDVXlwOVkxMEVGVDJMUlBtWGoxNUlDUXdzaWljN3QxZ3Y1dmlRZmNwTTdQeHVHc1hqK2tXcQoxczB6UHR0em8yMVRXN3dhZEZDdkQ1Y1BPeWJOWWNueUFuaUFKKy9jeDJxSEdXMlh5RGVGQ0M5MGN6ZFhhU2UwCi9SV3JiZDQ4REJzcVZ2MzRmMzA9Ci0tLS0tRU5EIENFUlRJRklDQVRFLS0tLS0K",
                            "master_auth.0.client_certificate_config.#": "0",
                            "master_auth.0.client_key": "LS0tLS1CRUdJTiBSU0EgUFJJVkFURSBLRVktLS0tLQpNSUlFb3dJQkFBS0NBUUVBa2NRdnlmMUI0dG9NeE9YUUFIaTNBMU4zamxES3ZpOGFqRVBrbXdYOGl1Q1dKeDZRCkhIQ1VMS2EzTzlhc0UrVVlnbkxVWDgvY0RyUzJSM3ZLL09qd0N1QkVZTDc3MDNMeVFYcWtXNTgxNGhXeWlmM1IKejh0OTJsS0t3aGZaZktFQmZhRFMvdmkrQlA2WGtIWFptdGFEZldSa1YzVkh3TC9idGVFVG1rN0JzeWcrQ0pBNApBalpGV3hwdzZVQlZDa2lpOGc1eVpyZCtnVHA1dHIxaGxkSXE3MG1UVnFJOEVhRHdDMnYyNFRuNTdFamg4VldQClZZcFI1L2tzMENINmJodG01dUd5NmdSUU1wVS9UQ3U1bzlobi9XcDBCNW1lWVRROXJVZXBicElMWFU0elpPd3AKUnl2WnhzLzJZYS9QSWtaaWpnQy81WVJjRi9jTlNobW5pbXBleXdJREFRQUJBb0lCQUJsM1BtZ1ovRHcvSHZMNQpPVTBUeWRsbGFDSXZZRFE0czNrazFWZjJCRWhZOHpLVFp0YnBIaUhzNEY4dVluSzVWLzVXUkY4V3g5bXozWktBCmdKYU50WDRZN3lrOXhHNE5DMkRBSmQyeDQyNkRudVQzdUlPR2lBNnYwL2tUeEpXKzVTMUcvd1czZkM4UU1YZDEKOTFYVE96YVpadVJXbzNuN3FzMU1MS29OTDA3MnFkSytZQWN3aFNra3NsSmhKTTB5YldJQUQrOU5sOGJ6R0doYQplV3hJTWIycHdFeEtCV0s4Smg2NjlzSTZxMGRDcWpPRlM0c3dmSnNNWVFjRHZFV3dNREM0OEQvRFdKTFE0b1dKCjhZVEQ4cEhrampuajREVDIrcUJ0a0IyT1hrdEtta0lSWGtSWmhXRVdrckdPNTRadURGOVFMelpIWkRkQXZ4NlYKb1N6RHBKMENnWUVBeDhZOXJzd3QwM2YxeHpBak5GVjdiN1RNQk9ZYjJtVUx1ZkNiUW9odVpaZUZiL1RDSklEWQo0TjEwNWFXTzMzSXZGL2VDWnA5RmNVYVUvQXFpWnJBcTZCWjk5VStDODFFYTJrekNQWFJpUHV4ZlM2eTdMa05vClMyNjJtVEhZZjZwRzFWQVByOTZzVTFaWmhIN1hUU3oxVnlSYmhOZGV5K1Ywc3A1MVdqYXlvaWNDZ1lFQXVzcXAKMm1ydTlYcFR3SDU5TmpWQ3FXTGJncTN0M1Z3SUlJWFI4bHlzSFBMa3VqY3lLeEZ2U1RGY24xVHNycTkrMUpURApFZnYrdmQ5Y0hnRGd6STdhSm5QNkRNNVUzRnQ0VkhjQzdENkxJd3Rja0hXK0FRU1BjTXg1cjZIYTY0RWFjeW1LCllDQmNoRlhLRlhOcXpSUEVtY0RtZndjUldjNUFoVkw3aXBJakdMMENnWUVBcGl1V2lUd2E3aWg5VHRjU29XaHQKU1VpWTM0Wk1Lc2djRGVrK0xBUngxNTFHaUE2T0luRHVkWFNmMUpsMmt4UldhZGdlSnFCYTBkTkUvN1VVeXRmRQppTktVcVNVZkpxY1M3L3dqSVowYVQzNnI4YlZXNlM5MnBEQU9RTFUrZ1Vxd3FxUnl0L1kvWHY2WGJXZFlUVUNWClBvdm1lRVB3L1NiNmY4emdqazZySGNjQ2dZQnVMcEdXbHpFeGQrRGpVVG1HdWxBQ0hxQWhLM3Q5OFlXUnVaNG4KK21aRUJUcktaVGlna3Y0MERIdjRPRjRNaE5TcGpMNnNZeHJXNFdRekJvMlQzRWZ1R3NkS3VvTHdJTHlRQmt1aApFeHQ3cG40SmNJcU5peVVaZ21QZEovbzhwTUQzWVcrUVdFWjZnU2hkRXVIUzZuQXp5Y2VzOG54WG53UU1JUERqCndtUVZlUUtCZ0ZWNFhla0Fpa28xRUlkTVB2L3ExNzhGOXlzRkR6T2tlUGRFa3RzRUwvWTJoVFNPeFBBK2U0QkwKS091bDg0Vmo4enI3T1pZQXh5ejhBRUxWSW42UzhmRURUK2NyaDloRzBFOHd2dXoxTHdoMXpyZ3FzVGhWelhUNwowaXVOQll0bDdtWm1PVUdvZ0lKN3ExaElDajRUcUoxaGZXRURvQU1USGMyb0dNWXF1bWtRCi0tLS0tRU5EIFJTQSBQUklWQVRFIEtFWS0tLS0tCg==",
                            "master_auth.0.cluster_ca_certificate": "LS0tLS1CRUdJTiBDRVJUSUZJQ0FURS0tLS0tCk1JSURERENDQWZTZ0F3SUJBZ0lSQUx2RzJlSHgreVM4bHJzamtLdXZkV2N3RFFZSktvWklodmNOQVFFTEJRQXcKTHpFdE1Dc0dBMVVFQXhNa1lUTmpaVFV4TWpVdE1XTXpaaTAwTm1GbExXRTVaakl0TkRSaU16aGtPV013WkRjeApNQjRYRFRFNU1ETXdPREl4TVRFME5Gb1hEVEkwTURNd05qSXlNVEUwTkZvd0x6RXRNQ3NHQTFVRUF4TWtZVE5qClpUVXhNalV0TVdNelppMDBObUZsTFdFNVpqSXRORFJpTXpoa09XTXdaRGN4TUlJQklqQU5CZ2txaGtpRzl3MEIKQVFFRkFBT0NBUThBTUlJQkNnS0NBUUVBL0w3R3RNR0JsVk92MnoxZGFXT2RwTldTanNDcm9jVUdza0RTMk9EQQpqUW45bjBzYnpRL3N5bE9jYTNaOXg1MDdMYSsvak03WWVQT0ZiQTZjNHk3aW5oU01vT3RtZjVOTUJZUHFGckxkClQ2ZzB5QUlUKzVrTk5aS2gyUnNBeFlRNGVsQURWOHA2WlVyamRMamM3N2FQOHBmZ3UvRnlBU21ucmsxVjNGTTYKZjRjeURNamVpR21LWURqUGN2WjRVYzdSaTVZUDVGMWc1cWJRaHZtT29ZQjkrZGFYZzZMRW5ONnc2dGd5WnA2ZwpFaVcrQnRmZGp0aHN2T2JVLzg2TTdjSmk1UkY4eXd4cTBjak1pV29ZZW1tYjFJdmg3T3pzUW5Fc0tPbGhaOXhqCmt1Q09kbUhEZVRoR2dkMC9oVEZ2UDZ4bG56a1R5QUgrRjJhbW1EMTBJWkZoVVFJREFRQUJveU13SVRBT0JnTlYKSFE4QkFmOEVCQU1DQWdRd0R3WURWUjBUQVFIL0JBVXdBd0VCL3pBTkJna3Foa2lHOXcwQkFRc0ZBQU9DQVFFQQplVWlmOGlncnZ5ZWZBMGVudXZ1dGw5TjJ2dm90VUJtY05JSExpSmZmYVFIS3YzUzIzcWtNcEIyWUZmcEs5aWVtCjIxOG96RXhmaVJ2bU9FT0hZUjhCaVpPTG5HYXZJUnptelFHQnlUZU1lN21EVnJHMEtYQTdqeU9LdU1sL2oyRUMKbEdET1JRaXdHZ1h3S01xc2F5UndHaEJRRFdNVG5OR0k3OGpEcjJ3dkVBKysxdlFzYjdWSGhSd0owZGpnM3dqaApBVm9Fd3JBOTJQV00vemR4TnVrSnlhRGJYNEt2dEVub2huRlZIY3orUHI3aC9DNzdkYU80WVZkOFdkZFR0T21jCjFmYzhxVi8vOHdFbGlpOE1Edk5lQUs1YTlSVjdyRW0wdzVtUjFpTHMwYkNHaUFqenE3UkpQRTV6U09YRWplNUsKY3J5by9GcWNLYzlTbnp6MkpTRzM3UT09Ci0tLS0tRU5EIENFUlRJRklDQVRFLS0tLS0K",
                            "master_auth.0.password": "aUtiVAgdFR5Poupw",
                            "master_auth.0.username": "admin",
                            "master_authorized_networks_config.#": "0",
                            "master_version": "1.11.7-gke.4",
                            "monitoring_service": "monitoring.googleapis.com",
                            "name": "my-first-gke-cluster",
                            "network": "projects/cka-klaudioz/global/networks/default",
                            "network_policy.#": "1",
                            "network_policy.0.enabled": "false",
                            "network_policy.0.provider": "PROVIDER_UNSPECIFIED",
                            "node_config.#": "1",
                            "node_config.0.disk_size_gb": "100",
                            "node_config.0.disk_type": "pd-standard",
                            "node_config.0.guest_accelerator.#": "0",
                            "node_config.0.image_type": "COS",
                            "node_config.0.labels.%": "0",
                            "node_config.0.local_ssd_count": "0",
                            "node_config.0.machine_type": "n1-standard-1",
                            "node_config.0.metadata.%": "0",
                            "node_config.0.min_cpu_platform": "",
                            "node_config.0.oauth_scopes.#": "6",
                            "node_config.0.oauth_scopes.1277378754": "https://www.googleapis.com/auth/monitoring",
                            "node_config.0.oauth_scopes.1632638332": "https://www.googleapis.com/auth/devstorage.read_only",
                            "node_config.0.oauth_scopes.172152165": "https://www.googleapis.com/auth/logging.write",
                            "node_config.0.oauth_scopes.316356861": "https://www.googleapis.com/auth/service.management.readonly",
                            "node_config.0.oauth_scopes.3663490875": "https://www.googleapis.com/auth/servicecontrol",
                            "node_config.0.oauth_scopes.3859019814": "https://www.googleapis.com/auth/trace.append",
                            "node_config.0.preemptible": "false",
                            "node_config.0.service_account": "default",
                            "node_config.0.tags.#": "0",
                            "node_config.0.taint.#": "0",
                            "node_config.0.workload_metadata_config.#": "0",
                            "node_pool.#": "1",
                            "node_pool.0.autoscaling.#": "0",
                            "node_pool.0.initial_node_count": "3",
                            "node_pool.0.instance_group_urls.#": "1",
                            "node_pool.0.instance_group_urls.0": "https://www.googleapis.com/compute/v1/projects/cka-klaudioz/zones/us-west1-b/instanceGroupManagers/gke-my-first-gke-cluster-default-pool-454bed1f-grp",
                            "node_pool.0.management.#": "1",
                            "node_pool.0.management.0.auto_repair": "false",
                            "node_pool.0.management.0.auto_upgrade": "false",
                            "node_pool.0.max_pods_per_node": "0",
                            "node_pool.0.name": "default-pool",
                            "node_pool.0.name_prefix": "",
                            "node_pool.0.node_config.#": "1",
                            "node_pool.0.node_config.0.disk_size_gb": "100",
                            "node_pool.0.node_config.0.disk_type": "pd-standard",
                            "node_pool.0.node_config.0.guest_accelerator.#": "0",
                            "node_pool.0.node_config.0.image_type": "COS",
                            "node_pool.0.node_config.0.labels.%": "0",
                            "node_pool.0.node_config.0.local_ssd_count": "0",
                            "node_pool.0.node_config.0.machine_type": "n1-standard-1",
                            "node_pool.0.node_config.0.metadata.%": "0",
                            "node_pool.0.node_config.0.min_cpu_platform": "",
                            "node_pool.0.node_config.0.oauth_scopes.#": "6",
                            "node_pool.0.node_config.0.oauth_scopes.1277378754": "https://www.googleapis.com/auth/monitoring",
                            "node_pool.0.node_config.0.oauth_scopes.1632638332": "https://www.googleapis.com/auth/devstorage.read_only",
                            "node_pool.0.node_config.0.oauth_scopes.172152165": "https://www.googleapis.com/auth/logging.write",
                            "node_pool.0.node_config.0.oauth_scopes.316356861": "https://www.googleapis.com/auth/service.management.readonly",
                            "node_pool.0.node_config.0.oauth_scopes.3663490875": "https://www.googleapis.com/auth/servicecontrol",
                            "node_pool.0.node_config.0.oauth_scopes.3859019814": "https://www.googleapis.com/auth/trace.append",
                            "node_pool.0.node_config.0.preemptible": "false",
                            "node_pool.0.node_config.0.service_account": "default",
                            "node_pool.0.node_config.0.tags.#": "0",
                            "node_pool.0.node_config.0.taint.#": "0",
                            "node_pool.0.node_config.0.workload_metadata_config.#": "0",
                            "node_pool.0.node_count": "3",
                            "node_pool.0.version": "1.11.7-gke.4",
                            "node_version": "1.11.7-gke.4",
                            "private_cluster_config.#": "0",
                            "project": "cka-klaudioz",
                            "resource_labels.%": "0",
                            "subnetwork": "projects/cka-klaudioz/regions/us-west1/subnetworks/default",
                            "zone": "us-west1-b"
                        },
                        "meta": {
                            "e2bfb730-ecaa-11e6-8f88-34363bc7c4c0": {
                                "create": 1800000000000,
                                "delete": 1800000000000,
                                "update": 1800000000000
                            },
                            "schema_version": "1"
                        },
                        "tainted": false
                    },
                    "deposed": [],
                    "provider": "provider.google"
                }
            },
            "depends_on": []
        }
    ]
}
